
Microsoft Visual Studio Solution File, Format Version 12.00
# Visual Studio Version 17
VisualStudioVersion = 17.0.31903.59
MinimumVisualStudioVersion = 10.0.40219.1
Project("{FAE04EC0-301F-11D3-BF4B-00C04F79EFBC}") = "HueBar.Core", "HueBar.Core\HueBar.Core.csproj", "{9BEF13BF-C71C-4C3D-960B-498E3EB1270C}"
EndProject
Project("{FAE04EC0-301F-11D3-BF4B-00C04F79EFBC}") = "HueBar", "HueBar\HueBar.csproj", "{B52C6AD1-6C91-461A-9559-7D3A0341EF73}"
EndProject
Project("{FAE04EC0-301F-11D3-BF4B-00C04F79EFBC}") = "HueBar.Tests", "HueBar.Tests\HueBar.Tests.csproj", "{AC65D2DA-D91F-42DB-A42A-FCF85B353CE8}"
EndProject
Global
	GlobalSection(SolutionConfigurationPlatforms) = preSolution
		Debug|Any CPU = Debug|Any CPU
		Debug|x64 = Debug|x64
		Debug|x86 = Debug|x86
		Release|Any CPU = Release|Any CPU
		Release|x64 = Release|x64
		Release|x86 = Release|x86
	EndGlobalSection
	GlobalSection(ProjectConfigurationPlatforms) = postSolution
		{9BEF13BF-C71C-4C3D-960B-498E3EB1270C}.Debug|Any CPU.ActiveCfg = Debug|Any CPU
		{9BEF13BF-C71C-4C3D-960B-498E3EB1270C}.Debug|Any CPU.Build.0 = Debug|Any CPU
		{9BEF13BF-C71C-4C3D-960B-498E3EB1270C}.Debug|x64.ActiveCfg = Debug|Any CPU
		{9BEF13BF-C71C-4C3D-960B-498E3EB1270C}.Debug|x64.Build.0 = Debug|Any CPU
		{9BEF13BF-C71C-4C3D-960B-498E3EB1270C}.Debug|x86.ActiveCfg = Debug|Any CPU
		{9BEF13BF-C71C-4C3D-960B-498E3EB1270C}.Debug|x86.Build.0 = Debug|Any CPU
		{9BEF13BF-C71C-4C3D-960B-498E3EB1270C}.Release|Any CPU.ActiveCfg = Release|Any CPU
		{9BEF13BF-C71C-4C3D-960B-498E3EB1270C}.Release|Any CPU.Build.0 = Release|Any CPU
		{9BEF13BF-C71C-4C3D-960B-498E3EB1270C}.Release|x64.ActiveCfg = Release|Any CPU
		{9BEF13BF-C71C-4C3D-960B-498E3EB1270C}.Release|x64.Build.0 = Release|Any CPU
		{9BEF13BF-C71C-4C3D-960B-498E3EB1270C}.Release|x86.ActiveCfg = Release|Any CPU
		{9BEF13BF-C71C-4C3D-960B-498E3EB1270C}.Release|x86.Build.0 = Release|Any CPU
		{B52C6AD1-6C91-461A-9559-7D3A0341EF73}.Debug|Any CPU.ActiveCfg = Debug|Any CPU
		{B52C6AD1-6C91-461A-9559-7D3A0341EF73}.Debug|Any CPU.Build.0 = Debug|Any CPU
		{B52C6AD1-6C91-461A-9559-7D3A0341EF73}.Debug|x64.ActiveCfg = Debug|Any CPU
		{B52C6AD1-6C91-461A-9559-7D3A0341EF73}.Debug|x64.Build.0 = Debug|Any CPU
		{B52C6AD1-6C91-461A-9559-7D3A0341EF73}.Debug|x86.ActiveCfg = Debug|Any CPU
		{B52C6AD1-6C91-461A-9559-7D3A0341EF73}.Debug|x86.Build.0 = Debug|Any CPU
		{B52C6AD1-6C91-461A-9559-7D3A0341EF73}.Release|Any CPU.ActiveCfg = Release|Any CPU
		{B52C6AD1-6C91-461A-9559-7D3A0341EF73}.Release|Any CPU.Build.0 = Release|Any CPU
		{B52C6AD1-6C91-461A-9559-7D3A0341EF73}.Release|x64.ActiveCfg = Release|Any CPU
		{B52C6AD1-6C91-461A-9559-7D3A0341EF73}.Release|x64.Build.0 = Release|Any CPU
		{B52C6AD1-6C91-461A-9559-7D3A0341EF73}.Release|x86.ActiveCfg = Release|Any CPU
		{B52C6AD1-6C91-461A-9559-7D3A0341EF73}.Release|x86.Build.0 = Release|Any CPU
		{AC65D2DA-D91F-42DB-A42A-FCF85B353CE8}.Debug|Any CPU.ActiveCfg = Debug|Any CPU
		{AC65D2DA-D91F-42DB-A42A-FCF85B353CE8}.Debug|Any CPU.Build.0 = Debug|Any CPU
		{AC65D2DA-D91F-42DB-A42A-FCF85B353CE8}.Debug|x64.ActiveCfg = Debug|Any CPU
		{AC65D2DA-D91F-42DB-A42A-FCF85B353CE8}.Debug|x64.Build.0 = Debug|Any CPU
		{AC65D2DA-D91F-42DB-A42A-FCF85B353CE8}.Debug|x86.ActiveCfg = Debug|Any CPU
		{AC65D2DA-D91F-42DB-A42A-FCF85B353CE8}.Debug|x86.Build.0 = Debug|Any CPU
		{AC65D2DA-D91F-42DB-A42A-FCF85B353CE8}.Release|Any CPU.ActiveCfg = Release|Any CPU
		{AC65D2DA-D91F-42DB-A42A-FCF85B353CE8}.Release|Any CPU.Build.0 = Release|Any CPU
		{AC65D2DA-D91F-42DB-A42A-FCF85B353CE8}.Release|x64.ActiveCfg = Release|Any CPU
		{AC65D2DA-D91F-42DB-A42A-FCF85B353CE8}.Release|x64.Build.0 = Release|Any CPU
		{AC65D2DA-D91F-42DB-A42A-FCF85B353CE8}.Release|x86.ActiveCfg = Release|Any CPU
		{AC65D2DA-D91F-42DB-A42A-FCF85B353CE8}.Release|x86.Build.0 = Release|Any CPU
	EndGlobalSection
	GlobalSection(SolutionProperties) = preSolution
		HideSolutionNode = FALSE
	EndGlobalSection
EndGlobal
